{
  "name": "Electron",
  "version": "1.0.0",
  "lockfileVersion": 1,
  "requires": true,
  "dependencies": {
    "electron": {
      "version": "7.1.9",
      "resolved": "https://registry.npm.taobao.org/electron/download/electron-7.1.9.tgz",
      "dependencies": {
        "@electron/get": {
          "version": "https://registry.npm.taobao.org/@electron/get/download/@electron/get-1.7.2.tgz",
          "dependencies": {
            "debug": {
              "version": "https://registry.npm.taobao.org/debug/download/debug-4.1.1.tgz"
            },
            "env-paths": {
              "version": "https://registry.npm.taobao.org/env-paths/download/env-paths-2.2.0.tgz"
            },
            "fs-extra": {
              "version": "https://registry.npm.taobao.org/fs-extra/download/fs-extra-8.1.0.tgz"
            },
            "global-agent": {
              "version": "https://registry.npm.taobao.org/global-agent/download/global-agent-2.1.7.tgz"
            },
            "global-tunnel-ng": {
              "version": "https://registry.npm.taobao.org/global-tunnel-ng/download/global-tunnel-ng-2.7.1.tgz"
            },
            "got": {
              "version": "https://registry.npm.taobao.org/got/download/got-9.6.0.tgz"
            },
            "sanitize-filename": {
              "version": "https://registry.npm.taobao.org/sanitize-filename/download/sanitize-filename-1.6.3.tgz"
            },
            "sumchecker": {
              "version": "https://registry.npm.taobao.org/sumchecker/download/sumchecker-3.0.1.tgz",
              "dependencies": {
                "debug": {
                  "version": "https://registry.npm.taobao.org/debug/download/debug-4.1.1.tgz",
                  "dependencies": {
                    "ms": {
                      "version": "https://registry.npm.taobao.org/ms/download/ms-2.1.2.tgz"
                    }
                  }
                }
              }
            }
          }
        },
        "@types/node": {
          "version": "https://registry.npm.taobao.org/@types/node/download/@types/node-12.12.24.tgz"
        },
        "extract-zip": {
          "version": "https://registry.npm.taobao.org/extract-zip/download/extract-zip-1.6.7.tgz"
        }
      }
    }
  }
}
